Microsoft Visual Studio Solution File, Format Version 11.00
# Visual Studio 2008

Project("{5233B846-0F2E-859C-EB4C-B6C52772458E}") = "MayanMaze", "Assembly-CSharp.csproj", "{B9A10CD4-63E2-6A2C-DC3E-3DC55F50AF11}"
EndProject
Global
	GlobalSection(SolutionConfigurationPlatforms) = preSolution
		Debug|Any CPU = Debug|Any CPU
		Release|Any CPU = Release|Any CPU
	EndGlobalSection
	GlobalSection(ProjectConfigurationPlatforms) = postSolution
		{B9A10CD4-63E2-6A2C-DC3E-3DC55F50AF11}.Debug|Any CPU.ActiveCfg = Debug|Any CPU
		{B9A10CD4-63E2-6A2C-DC3E-3DC55F50AF11}.Debug|Any CPU.Build.0 = Debug|Any CPU
		{B9A10CD4-63E2-6A2C-DC3E-3DC55F50AF11}.Release|Any CPU.ActiveCfg = Release|Any CPU
		{B9A10CD4-63E2-6A2C-DC3E-3DC55F50AF11}.Release|Any CPU.Build.0 = Release|Any CPU
	EndGlobalSection
	GlobalSection(SolutionProperties) = preSolution
		HideSolutionNode = FALSE
	EndGlobalSection
	GlobalSection(MonoDevelopProperties) = preSolution
		StartupItem = Assembly-CSharp.csproj
	EndGlobalSection
EndGlobal
